
Microsoft Visual Studio Solution File, Format Version 12.00
# Visual Studio Version 17
VisualStudioVersion = 17.8.34309.116
MinimumVisualStudioVersion = 10.0.40219.1
Project("{FAE04EC0-301F-11D3-BF4B-00C04F79EFBC}") = "TaxCalculator", "TaxCalculator\TaxCalculator.csproj", "{3FC4A01C-56B3-4A2B-AD0B-6518B2A87751}"
EndProject
Project("{FAE04EC0-301F-11D3-BF4B-00C04F79EFBC}") = "TaxCalculator.Tests", "TaxCalculator.Tests\TaxCalculator.Tests.csproj", "{AEF9AA10-70EE-4C56-B5C8-6F0EF01B4C0C}"
EndProject
Global
	GlobalSection(SolutionConfigurationPlatforms) = preSolution
		Debug|Any CPU = Debug|Any CPU
		Release|Any CPU = Release|Any CPU
	EndGlobalSection
	GlobalSection(ProjectConfigurationPlatforms) = postSolution
		{3FC4A01C-56B3-4A2B-AD0B-6518B2A87751}.Debug|Any CPU.ActiveCfg = Debug|Any CPU
		{3FC4A01C-56B3-4A2B-AD0B-6518B2A87751}.Debug|Any CPU.Build.0 = Debug|Any CPU
		{3FC4A01C-56B3-4A2B-AD0B-6518B2A87751}.Release|Any CPU.ActiveCfg = Release|Any CPU
		{3FC4A01C-56B3-4A2B-AD0B-6518B2A87751}.Release|Any CPU.Build.0 = Release|Any CPU
		{AEF9AA10-70EE-4C56-B5C8-6F0EF01B4C0C}.Debug|Any CPU.ActiveCfg = Debug|Any CPU
		{AEF9AA10-70EE-4C56-B5C8-6F0EF01B4C0C}.Debug|Any CPU.Build.0 = Debug|Any CPU
		{AEF9AA10-70EE-4C56-B5C8-6F0EF01B4C0C}.Release|Any CPU.ActiveCfg = Release|Any CPU
		{AEF9AA10-70EE-4C56-B5C8-6F0EF01B4C0C}.Release|Any CPU.Build.0 = Release|Any CPU
	EndGlobalSection
	GlobalSection(SolutionProperties) = preSolution
		HideSolutionNode = FALSE
	EndGlobalSection
	GlobalSection(ExtensibilityGlobals) = postSolution
		SolutionGuid = {12A84DAB-91EB-4BC9-B92D-46055E663B56}
	EndGlobalSection
EndGlobal
